// !$*UTF8*$!
{
	archiveVersion = 1;
	classes = {
	};
	objectVersion = 46;
	objects = {

/* Begin PBXBuildFile section */
		111690921AD14008002CA865 /* CardsViewController.swift in Sources */ = {isa = PBXBuildFile; fileRef = 111690911AD14008002CA865 /* CardsViewController.swift */; };
		114BD2171AD95A6100864AE0 /* LoginViewController.swift in Sources */ = {isa = PBXBuildFile; fileRef = 114BD2161AD95A6100864AE0 /* LoginViewController.swift */; };
		119CCB8C1AD6AE31007054FB /* AudioToolbox.framework in Frameworks */ = {isa = PBXBuildFile; fileRef = 119CCB8B1AD6AE31007054FB /* AudioToolbox.framework */; };
		119CCB8E1AD6AE38007054FB /* CFNetwork.framework in Frameworks */ = {isa = PBXBuildFile; fileRef = 119CCB8D1AD6AE38007054FB /* CFNetwork.framework */; };
		119CCB901AD6AE3E007054FB /* CoreGraphics.framework in Frameworks */ = {isa = PBXBuildFile; fileRef = 119CCB8F1AD6AE3E007054FB /* CoreGraphics.framework */; };
		119CCB921AD6AE47007054FB /* CoreLocation.framework in Frameworks */ = {isa = PBXBuildFile; fileRef = 119CCB911AD6AE47007054FB /* CoreLocation.framework */; };
		119CCB941AD6AE4D007054FB /* MobileCoreServices.framework in Frameworks */ = {isa = PBXBuildFile; fileRef = 119CCB931AD6AE4D007054FB /* MobileCoreServices.framework */; };
		119CCB961AD6AE53007054FB /* QuartzCore.framework in Frameworks */ = {isa = PBXBuildFile; fileRef = 119CCB951AD6AE53007054FB /* QuartzCore.framework */; };
		119CCB981AD6AE5B007054FB /* Security.framework in Frameworks */ = {isa = PBXBuildFile; fileRef = 119CCB971AD6AE5B007054FB /* Security.framework */; };
		119CCB9A1AD6AE62007054FB /* StoreKit.framework in Frameworks */ = {isa = PBXBuildFile; fileRef = 119CCB991AD6AE62007054FB /* StoreKit.framework */; };
		119CCB9C1AD6AE6C007054FB /* SystemConfiguration.framework in Frameworks */ = {isa = PBXBuildFile; fileRef = 119CCB9B1AD6AE6C007054FB /* SystemConfiguration.framework */; };
		119CCB9E1AD6AE72007054FB /* libz.dylib in Frameworks */ = {isa = PBXBuildFile; fileRef = 119CCB9D1AD6AE72007054FB /* libz.dylib */; };
		119CCBA01AD6AE7C007054FB /* libsqlite3.dylib in Frameworks */ = {isa = PBXBuildFile; fileRef = 119CCB9F1AD6AE7C007054FB /* libsqlite3.dylib */; };
		119CCBA31AD6B4CB007054FB /* Parse.framework in Frameworks */ = {isa = PBXBuildFile; fileRef = 119CCBA11AD6B4CB007054FB /* Parse.framework */; };
		119CCBA41AD6B4CB007054FB /* ParseFacebookUtils.framework in Frameworks */ = {isa = PBXBuildFile; fileRef = 119CCBA21AD6B4CB007054FB /* ParseFacebookUtils.framework */; };
		11C801781AD010F600F1768B /* SwipeView.swift in Sources */ = {isa = PBXBuildFile; fileRef = 11C801771AD010F600F1768B /* SwipeView.swift */; };
		11F5F1701ACEBA0A00AF1C57 /* AppDelegate.swift in Sources */ = {isa = PBXBuildFile; fileRef = 11F5F16F1ACEBA0A00AF1C57 /* AppDelegate.swift */; };
		11F5F1721ACEBA0A00AF1C57 /* ViewController.swift in Sources */ = {isa = PBXBuildFile; fileRef = 11F5F1711ACEBA0A00AF1C57 /* ViewController.swift */; };
		11F5F1751ACEBA0A00AF1C57 /* Main.storyboard in Resources */ = {isa = PBXBuildFile; fileRef = 11F5F1731ACEBA0A00AF1C57 /* Main.storyboard */; };
		11F5F1771ACEBA0A00AF1C57 /* Images.xcassets in Resources */ = {isa = PBXBuildFile; fileRef = 11F5F1761ACEBA0A00AF1C57 /* Images.xcassets */; };
		11F5F17A1ACEBA0A00AF1C57 /* LaunchScreen.xib in Resources */ = {isa = PBXBuildFile; fileRef = 11F5F1781ACEBA0A00AF1C57 /* LaunchScreen.xib */; };
		11F5F1861ACEBA0A00AF1C57 /* zDateTests.swift in Sources */ = {isa = PBXBuildFile; fileRef = 11F5F1851ACEBA0A00AF1C57 /* zDateTests.swift */; };
		11F5F1921ACEBC6A00AF1C57 /* CardView.swift in Sources */ = {isa = PBXBuildFile; fileRef = 11F5F1911ACEBC6A00AF1C57 /* CardView.swift */; };
		B8A92E0FFEC6E3094EBC9175 /* libPods.a in Frameworks */ = {isa = PBXBuildFile; fileRef = E7E42EC091A4E3BB6EA6040A /* libPods.a */; };
/* End PBXBuildFile section */

/* Begin PBXContainerItemProxy section */
		11F5F1801ACEBA0A00AF1C57 /* PBXContainerItemProxy */ = {
			isa = PBXContainerItemProxy;
			containerPortal = 11F5F1621ACEBA0A00AF1C57 /* Project object */;
			proxyType = 1;
			remoteGlobalIDString = 11F5F1691ACEBA0A00AF1C57;
			remoteInfo = zDate;
		};
/* End PBXContainerItemProxy section */

/* Begin PBXFileReference section */
		111690911AD14008002CA865 /* CardsViewController.swift */ = {isa = PBXFileReference; fileEncoding = 4; lastKnownFileType = sourcecode.swift; path = CardsViewController.swift; sourceTree = "<group>"; };
		114BD2161AD95A6100864AE0 /* LoginViewController.swift */ = {isa = PBXFileReference; fileEncoding = 4; lastKnownFileType = sourcecode.swift; path = LoginViewController.swift; sourceTree = "<group>"; };
		119CCB8B1AD6AE31007054FB /* AudioToolbox.framework */ = {isa = PBXFileReference; lastKnownFileType = wrapper.framework; name = AudioToolbox.framework; path = System/Library/Frameworks/AudioToolbox.framework; sourceTree = SDKROOT; };
		119CCB8D1AD6AE38007054FB /* CFNetwork.framework */ = {isa = PBXFileReference; lastKnownFileType = wrapper.framework; name = CFNetwork.framework; path = System/Library/Frameworks/CFNetwork.framework; sourceTree = SDKROOT; };
		119CCB8F1AD6AE3E007054FB /* CoreGraphics.framework */ = {isa = PBXFileReference; lastKnownFileType = wrapper.framework; name = CoreGraphics.framework; path = System/Library/Frameworks/CoreGraphics.framework; sourceTree = SDKROOT; };
		119CCB911AD6AE47007054FB /* CoreLocation.framework */ = {isa = PBXFileReference; lastKnownFileType = wrapper.framework; name = CoreLocation.framework; path = System/Library/Frameworks/CoreLocation.framework; sourceTree = SDKROOT; };
		119CCB931AD6AE4D007054FB /* MobileCoreServices.framework */ = {isa = PBXFileReference; lastKnownFileType = wrapper.framework; name = MobileCoreServices.framework; path = System/Library/Frameworks/MobileCoreServices.framework; sourceTree = SDKROOT; };
		119CCB951AD6AE53007054FB /* QuartzCore.framework */ = {isa = PBXFileReference; lastKnownFileType = wrapper.framework; name = QuartzCore.framework; path = System/Library/Frameworks/QuartzCore.framework; sourceTree = SDKROOT; };
		119CCB971AD6AE5B007054FB /* Security.framework */ = {isa = PBXFileReference; lastKnownFileType = wrapper.framework; name = Security.framework; path = System/Library/Frameworks/Security.framework; sourceTree = SDKROOT; };
		119CCB991AD6AE62007054FB /* StoreKit.framework */ = {isa = PBXFileReference; lastKnownFileType = wrapper.framework; name = StoreKit.framework; path = System/Library/Frameworks/StoreKit.framework; sourceTree = SDKROOT; };
		119CCB9B1AD6AE6C007054FB /* SystemConfiguration.framework */ = {isa = PBXFileReference; lastKnownFileType = wrapper.framework; name = SystemConfiguration.framework; path = System/Library/Frameworks/SystemConfiguration.framework; sourceTree = SDKROOT; };
		119CCB9D1AD6AE72007054FB /* libz.dylib */ = {isa = PBXFileReference; lastKnownFileType = "compiled.mach-o.dylib"; name = libz.dylib; path = usr/lib/libz.dylib; sourceTree = SDKROOT; };
		119CCB9F1AD6AE7C007054FB /* libsqlite3.dylib */ = {isa = PBXFileReference; lastKnownFileType = "compiled.mach-o.dylib"; name = libsqlite3.dylib; path = usr/lib/libsqlite3.dylib; sourceTree = SDKROOT; };
		119CCBA11AD6B4CB007054FB /* Parse.framework */ = {isa = PBXFileReference; lastKnownFileType = wrapper.framework; path = Parse.framework; sourceTree = "<group>"; };
		119CCBA21AD6B4CB007054FB /* ParseFacebookUtils.framework */ = {isa = PBXFileReference; lastKnownFileType = wrapper.framework; path = ParseFacebookUtils.framework; sourceTree = "<group>"; };
		11A8B73D1AD80478009F9DF6 /* Bridging-Header.h */ = {isa = PBXFileReference; lastKnownFileType = sourcecode.c.h; path = "Bridging-Header.h"; sourceTree = "<group>"; };
		11C801771AD010F600F1768B /* SwipeView.swift */ = {isa = PBXFileReference; fileEncoding = 4; lastKnownFileType = sourcecode.swift; path = SwipeView.swift; sourceTree = "<group>"; };
		11F5F16A1ACEBA0A00AF1C57 /* zDate.app */ = {isa = PBXFileReference; explicitFileType = wrapper.application; includeInIndex = 0; path = zDate.app; sourceTree = BUILT_PRODUCTS_DIR; };
		11F5F16E1ACEBA0A00AF1C57 /* Info.plist */ = {isa = PBXFileReference; lastKnownFileType = text.plist.xml; path = Info.plist; sourceTree = "<group>"; };
		11F5F16F1ACEBA0A00AF1C57 /* AppDelegate.swift */ = {isa = PBXFileReference; lastKnownFileType = sourcecode.swift; path = AppDelegate.swift; sourceTree = "<group>"; };
		11F5F1711ACEBA0A00AF1C57 /* ViewController.swift */ = {isa = PBXFileReference; lastKnownFileType = sourcecode.swift; path = ViewController.swift; sourceTree = "<group>"; };
		11F5F1741ACEBA0A00AF1C57 /* Base */ = {isa = PBXFileReference; lastKnownFileType = file.storyboard; name = Base; path = Base.lproj/Main.storyboard; sourceTree = "<group>"; };
		11F5F1761ACEBA0A00AF1C57 /* Images.xcassets */ = {isa = PBXFileReference; lastKnownFileType = folder.assetcatalog; path = Images.xcassets; sourceTree = "<group>"; };
		11F5F1791ACEBA0A00AF1C57 /* Base */ = {isa = PBXFileReference; lastKnownFileType = file.xib; name = Base; path = Base.lproj/LaunchScreen.xib; sourceTree = "<group>"; };
		11F5F17F1ACEBA0A00AF1C57 /* zDateTests.xctest */ = {isa = PBXFileReference; explicitFileType = wrapper.cfbundle; includeInIndex = 0; path = zDateTests.xctest; sourceTree = BUILT_PRODUCTS_DIR; };
		11F5F1841ACEBA0A00AF1C57 /* Info.plist */ = {isa = PBXFileReference; lastKnownFileType = text.plist.xml; path = Info.plist; sourceTree = "<group>"; };
		11F5F1851ACEBA0A00AF1C57 /* zDateTests.swift */ = {isa = PBXFileReference; lastKnownFileType = sourcecode.swift; path = zDateTests.swift; sourceTree = "<group>"; };
		11F5F1911ACEBC6A00AF1C57 /* CardView.swift */ = {isa = PBXFileReference; fileEncoding = 4; lastKnownFileType = sourcecode.swift; path = CardView.swift; sourceTree = "<group>"; };
		8677D5CF455A8944DE892EBF /* Pods.release.xcconfig */ = {isa = PBXFileReference; includeInIndex = 1; lastKnownFileType = text.xcconfig; name = Pods.release.xcconfig; path = "Pods/Target Support Files/Pods/Pods.release.xcconfig"; sourceTree = "<group>"; };
		B1754EDCD3078A2D4729F5F9 /* Pods.debug.xcconfig */ = {isa = PBXFileReference; includeInIndex = 1; lastKnownFileType = text.xcconfig; name = Pods.debug.xcconfig; path = "Pods/Target Support Files/Pods/Pods.debug.xcconfig"; sourceTree = "<group>"; };
		E7E42EC091A4E3BB6EA6040A /* libPods.a */ = {isa = PBXFileReference; explicitFileType = archive.ar; includeInIndex = 0; path = libPods.a; sourceTree = BUILT_PRODUCTS_DIR; };
/* End PBXFileReference section */

/* Begin PBXFrameworksBuildPhase section */
		11F5F1671ACEBA0A00AF1C57 /* Frameworks */ = {
			isa = PBXFrameworksBuildPhase;
			buildActionMask = 2147483647;
			files = (
				119CCBA01AD6AE7C007054FB /* libsqlite3.dylib in Frameworks */,
				119CCB9E1AD6AE72007054FB /* libz.dylib in Frameworks */,
				119CCB9C1AD6AE6C007054FB /* SystemConfiguration.framework in Frameworks */,
				119CCB9A1AD6AE62007054FB /* StoreKit.framework in Frameworks */,
				119CCB981AD6AE5B007054FB /* Security.framework in Frameworks */,
				119CCB961AD6AE53007054FB /* QuartzCore.framework in Frameworks */,
				119CCB941AD6AE4D007054FB /* MobileCoreServices.framework in Frameworks */,
				119CCB921AD6AE47007054FB /* CoreLocation.framework in Frameworks */,
				119CCB901AD6AE3E007054FB /* CoreGraphics.framework in Frameworks */,
				119CCB8E1AD6AE38007054FB /* CFNetwork.framework in Frameworks */,
				119CCBA31AD6B4CB007054FB /* Parse.framework in Frameworks */,
				119CCB8C1AD6AE31007054FB /* AudioToolbox.framework in Frameworks */,
				119CCBA41AD6B4CB007054FB /* ParseFacebookUtils.framework in Frameworks */,
				B8A92E0FFEC6E3094EBC9175 /* libPods.a in Frameworks */,
			);
			runOnlyForDeploymentPostprocessing = 0;
		};
		11F5F17C1ACEBA0A00AF1C57 /* Frameworks */ = {
			isa = PBXFrameworksBuildPhase;
			buildActionMask = 2147483647;
			files = (
			);
			runOnlyForDeploymentPostprocessing = 0;
		};
/* End PBXFrameworksBuildPhase section */

/* Begin PBXGroup section */
		111690901AD13FCB002CA865 /* ViewControllers */ = {
			isa = PBXGroup;
			children = (
				114BD2161AD95A6100864AE0 /* LoginViewController.swift */,
				11F5F1711ACEBA0A00AF1C57 /* ViewController.swift */,
				111690911AD14008002CA865 /* CardsViewController.swift */,
			);
			name = ViewControllers;
			sourceTree = "<group>";
		};
		119CCB861AD6ADBF007054FB /* Frameworks */ = {
			isa = PBXGroup;
			children = (
				119CCBA11AD6B4CB007054FB /* Parse.framework */,
				119CCBA21AD6B4CB007054FB /* ParseFacebookUtils.framework */,
				119CCB9F1AD6AE7C007054FB /* libsqlite3.dylib */,
				119CCB9D1AD6AE72007054FB /* libz.dylib */,
				119CCB9B1AD6AE6C007054FB /* SystemConfiguration.framework */,
				119CCB991AD6AE62007054FB /* StoreKit.framework */,
				119CCB971AD6AE5B007054FB /* Security.framework */,
				119CCB951AD6AE53007054FB /* QuartzCore.framework */,
				119CCB931AD6AE4D007054FB /* MobileCoreServices.framework */,
				119CCB911AD6AE47007054FB /* CoreLocation.framework */,
				119CCB8F1AD6AE3E007054FB /* CoreGraphics.framework */,
				119CCB8D1AD6AE38007054FB /* CFNetwork.framework */,
				119CCB8B1AD6AE31007054FB /* AudioToolbox.framework */,
				E7E42EC091A4E3BB6EA6040A /* libPods.a */,
			);
			name = Frameworks;
			path = zDate;
			sourceTree = "<group>";
		};
		11F5F1611ACEBA0A00AF1C57 = {
			isa = PBXGroup;
			children = (
				11F5F16C1ACEBA0A00AF1C57 /* zDate */,
				119CCB861AD6ADBF007054FB /* Frameworks */,
				11F5F1821ACEBA0A00AF1C57 /* zDateTests */,
				11F5F16B1ACEBA0A00AF1C57 /* Products */,
				ABFB373395C09D27043C094C /* Pods */,
			);
			sourceTree = "<group>";
		};
		11F5F16B1ACEBA0A00AF1C57 /* Products */ = {
			isa = PBXGroup;
			children = (
				11F5F16A1ACEBA0A00AF1C57 /* zDate.app */,
				11F5F17F1ACEBA0A00AF1C57 /* zDateTests.xctest */,
			);
			name = Products;
			sourceTree = "<group>";
		};
		11F5F16C1ACEBA0A00AF1C57 /* zDate */ = {
			isa = PBXGroup;
			children = (
				11F5F16F1ACEBA0A00AF1C57 /* AppDelegate.swift */,
				11F5F1901ACEBC3900AF1C57 /* Views */,
				111690901AD13FCB002CA865 /* ViewControllers */,
				11F5F1731ACEBA0A00AF1C57 /* Main.storyboard */,
				11F5F1761ACEBA0A00AF1C57 /* Images.xcassets */,
				11F5F1781ACEBA0A00AF1C57 /* LaunchScreen.xib */,
				11F5F16D1ACEBA0A00AF1C57 /* Supporting Files */,
			);
			path = zDate;
			sourceTree = "<group>";
		};
		11F5F16D1ACEBA0A00AF1C57 /* Supporting Files */ = {
			isa = PBXGroup;
			children = (
				11F5F16E1ACEBA0A00AF1C57 /* Info.plist */,
				11A8B73D1AD80478009F9DF6 /* Bridging-Header.h */,
			);
			name = "Supporting Files";
			sourceTree = "<group>";
		};
		11F5F1821ACEBA0A00AF1C57 /* zDateTests */ = {
			isa = PBXGroup;
			children = (
				11F5F1851ACEBA0A00AF1C57 /* zDateTests.swift */,
				11F5F1831ACEBA0A00AF1C57 /* Supporting Files */,
			);
			path = zDateTests;
			sourceTree = "<group>";
		};
		11F5F1831ACEBA0A00AF1C57 /* Supporting Files */ = {
			isa = PBXGroup;
			children = (
				11F5F1841ACEBA0A00AF1C57 /* Info.plist */,
			);
			name = "Supporting Files";
			sourceTree = "<group>";
		};
		11F5F1901ACEBC3900AF1C57 /* Views */ = {
			isa = PBXGroup;
			children = (
				11F5F1911ACEBC6A00AF1C57 /* CardView.swift */,
				11C801771AD010F600F1768B /* SwipeView.swift */,
			);
			name = Views;
			sourceTree = "<group>";
		};
		ABFB373395C09D27043C094C /* Pods */ = {
			isa = PBXGroup;
			children = (
				B1754EDCD3078A2D4729F5F9 /* Pods.debug.xcconfig */,
				8677D5CF455A8944DE892EBF /* Pods.release.xcconfig */,
			);
			name = Pods;
			sourceTree = "<group>";
		};
/* End PBXGroup section */

/* Begin PBXNativeTarget section */
		11F5F1691ACEBA0A00AF1C57 /* zDate */ = {
			isa = PBXNativeTarget;
			buildConfigurationList = 11F5F1891ACEBA0A00AF1C57 /* Build configuration list for PBXNativeTarget "zDate" */;
			buildPhases = (
				4DDAC00B9C19BFF29B131D39 /* Check Pods Manifest.lock */,
				11F5F1661ACEBA0A00AF1C57 /* Sources */,
				11F5F1671ACEBA0A00AF1C57 /* Frameworks */,
				11F5F1681ACEBA0A00AF1C57 /* Resources */,
				A201DC53C3601FB46D53E9A2 /* Copy Pods Resources */,
			);
			buildRules = (
			);
			dependencies = (
			);
			name = zDate;
			productName = zDate;
			productReference = 11F5F16A1ACEBA0A00AF1C57 /* zDate.app */;
			productType = "com.apple.product-type.application";
		};
		11F5F17E1ACEBA0A00AF1C57 /* zDateTests */ = {
			isa = PBXNativeTarget;
			buildConfigurationList = 11F5F18C1ACEBA0A00AF1C57 /* Build configuration list for PBXNativeTarget "zDateTests" */;
			buildPhases = (
				11F5F17B1ACEBA0A00AF1C57 /* Sources */,
				11F5F17C1ACEBA0A00AF1C57 /* Frameworks */,
				11F5F17D1ACEBA0A00AF1C57 /* Resources */,
			);
			buildRules = (
			);
			dependencies = (
				11F5F1811ACEBA0A00AF1C57 /* PBXTargetDependency */,
			);
			name = zDateTests;
			productName = zDateTests;
			productReference = 11F5F17F1ACEBA0A00AF1C57 /* zDateTests.xctest */;
			productType = "com.apple.product-type.bundle.unit-test";
		};
/* End PBXNativeTarget section */

/* Begin PBXProject section */
		11F5F1621ACEBA0A00AF1C57 /* Project object */ = {
			isa = PBXProject;
			attributes = {
				LastUpgradeCheck = 0620;
				ORGANIZATIONNAME = 1st1k;
				TargetAttributes = {
					11F5F1691ACEBA0A00AF1C57 = {
						CreatedOnToolsVersion = 6.2;
						DevelopmentTeam = 5VVFP63LAX;
					};
					11F5F17E1ACEBA0A00AF1C57 = {
						CreatedOnToolsVersion = 6.2;
						TestTargetID = 11F5F1691ACEBA0A00AF1C57;
					};
				};
			};
			buildConfigurationList = 11F5F1651ACEBA0A00AF1C57 /* Build configuration list for PBXProject "zDate" */;
			compatibilityVersion = "Xcode 3.2";
			developmentRegion = English;
			hasScannedForEncodings = 0;
			knownRegions = (
				en,
				Base,
			);
			mainGroup = 11F5F1611ACEBA0A00AF1C57;
			productRefGroup = 11F5F16B1ACEBA0A00AF1C57 /* Products */;
			projectDirPath = "";
			projectRoot = "";
			targets = (
				11F5F1691ACEBA0A00AF1C57 /* zDate */,
				11F5F17E1ACEBA0A00AF1C57 /* zDateTests */,
			);
		};
/* End PBXProject section */

/* Begin PBXResourcesBuildPhase section */
		11F5F1681ACEBA0A00AF1C57 /* Resources */ = {
			isa = PBXResourcesBuildPhase;
			buildActionMask = 2147483647;
			files = (
				11F5F1751ACEBA0A00AF1C57 /* Main.storyboard in Resources */,
				11F5F17A1ACEBA0A00AF1C57 /* LaunchScreen.xib in Resources */,
				11F5F1771ACEBA0A00AF1C57 /* Images.xcassets in Resources */,
			);
			runOnlyForDeploymentPostprocessing = 0;
		};
		11F5F17D1ACEBA0A00AF1C57 /* Resources */ = {
			isa = PBXResourcesBuildPhase;
			buildActionMask = 2147483647;
			files = (
			);
			runOnlyForDeploymentPostprocessing = 0;
		};
/* End PBXResourcesBuildPhase section */

/* Begin PBXShellScriptBuildPhase section */
		4DDAC00B9C19BFF29B131D39 /* Check Pods Manifest.lock */ = {
			isa = PBXShellScriptBuildPhase;
			buildActionMask = 2147483647;
			files = (
			);
			inputPaths = (
			);
			name = "Check Pods Manifest.lock";
			outputPaths = (
			);
			runOnlyForDeploymentPostprocessing = 0;
			shellPath = /bin/sh;
			shellScript = "diff \"${PODS_ROOT}/../Podfile.lock\" \"${PODS_ROOT}/Manifest.lock\" > /dev/null\nif [[ $? != 0 ]] ; then\n    cat << EOM\nerror: The sandbox is not in sync with the Podfile.lock. Run 'pod install' or update your CocoaPods installation.\nEOM\n    exit 1\nfi\n";
			showEnvVarsInLog = 0;
		};
		A201DC53C3601FB46D53E9A2 /* Copy Pods Resources */ = {
			isa = PBXShellScriptBuildPhase;
			buildActionMask = 2147483647;
			files = (
			);
			inputPaths = (
			);
			name = "Copy Pods Resources";
			outputPaths = (
			);
			runOnlyForDeploymentPostprocessing = 0;
			shellPath = /bin/sh;
			shellScript = "\"${SRCROOT}/Pods/Target Support Files/Pods/Pods-resources.sh\"\n";
			showEnvVarsInLog = 0;
		};
/* End PBXShellScriptBuildPhase section */

/* Begin PBXSourcesBuildPhase section */
		11F5F1661ACEBA0A00AF1C57 /* Sources */ = {
			isa = PBXSourcesBuildPhase;
			buildActionMask = 2147483647;
			files = (
				114BD2171AD95A6100864AE0 /* LoginViewController.swift in Sources */,
				11F5F1721ACEBA0A00AF1C57 /* ViewController.swift in Sources */,
				11C801781AD010F600F1768B /* SwipeView.swift in Sources */,
				111690921AD14008002CA865 /* CardsViewController.swift in Sources */,
				11F5F1921ACEBC6A00AF1C57 /* CardView.swift in Sources */,
				11F5F1701ACEBA0A00AF1C57 /* AppDelegate.swift in Sources */,
			);
			runOnlyForDeploymentPostprocessing = 0;
		};
		11F5F17B1ACEBA0A00AF1C57 /* Sources */ = {
			isa = PBXSourcesBuildPhase;
			buildActionMask = 2147483647;
			files = (
				11F5F1861ACEBA0A00AF1C57 /* zDateTests.swift in Sources */,
			);
			runOnlyForDeploymentPostprocessing = 0;
		};
/* End PBXSourcesBuildPhase section */

/* Begin PBXTargetDependency section */
		11F5F1811ACEBA0A00AF1C57 /* PBXTargetDependency */ = {
			isa = PBXTargetDependency;
			target = 11F5F1691ACEBA0A00AF1C57 /* zDate */;
			targetProxy = 11F5F1801ACEBA0A00AF1C57 /* PBXContainerItemProxy */;
		};
/* End PBXTargetDependency section */

/* Begin PBXVariantGroup section */
		11F5F1731ACEBA0A00AF1C57 /* Main.storyboard */ = {
			isa = PBXVariantGroup;
			children = (
				11F5F1741ACEBA0A00AF1C57 /* Base */,
			);
			name = Main.storyboard;
			sourceTree = "<group>";
		};
		11F5F1781ACEBA0A00AF1C57 /* LaunchScreen.xib */ = {
			isa = PBXVariantGroup;
			children = (
				11F5F1791ACEBA0A00AF1C57 /* Base */,
			);
			name = LaunchScreen.xib;
			sourceTree = "<group>";
		};
/* End PBXVariantGroup section */

/* Begin XCBuildConfiguration section */
		11F5F1871ACEBA0A00AF1C57 /* Debug */ = {
			isa = XCBuildConfiguration;
			buildSettings = {
				ALWAYS_SEARCH_USER_PATHS = NO;
				CLANG_CXX_LANGUAGE_STANDARD = "gnu++0x";
				CLANG_CXX_LIBRARY = "libc++";
				CLANG_ENABLE_MODULES = YES;
				CLANG_ENABLE_OBJC_ARC = YES;
				CLANG_WARN_BOOL_CONVERSION = YES;
				CLANG_WARN_CONSTANT_CONVERSION = YES;
				CLANG_WARN_DIRECT_OBJC_ISA_USAGE = YES_ERROR;
				CLANG_WARN_EMPTY_BODY = YES;
				CLANG_WARN_ENUM_CONVERSION = YES;
				CLANG_WARN_INT_CONVERSION = YES;
				CLANG_WARN_OBJC_ROOT_CLASS = YES_ERROR;
				CLANG_WARN_UNREACHABLE_CODE = YES;
				CLANG_WARN__DUPLICATE_METHOD_MATCH = YES;
				"CODE_SIGN_IDENTITY[sdk=iphoneos*]" = "iPhone Developer";
				COPY_PHASE_STRIP = NO;
				ENABLE_STRICT_OBJC_MSGSEND = YES;
				GCC_C_LANGUAGE_STANDARD = gnu99;
				GCC_DYNAMIC_NO_PIC = NO;
				GCC_OPTIMIZATION_LEVEL = 0;
				GCC_PREPROCESSOR_DEFINITIONS = (
					"DEBUG=1",
					"$(inherited)",
				);
				GCC_SYMBOLS_PRIVATE_EXTERN = NO;
				GCC_WARN_64_TO_32_BIT_CONVERSION = YES;
				GCC_WARN_ABOUT_RETURN_TYPE = YES_ERROR;
				GCC_WARN_UNDECLARED_SELECTOR = YES;
				GCC_WARN_UNINITIALIZED_AUTOS = YES_AGGRESSIVE;
				GCC_WARN_UNUSED_FUNCTION = YES;
				GCC_WARN_UNUSED_VARIABLE = YES;
				IPHONEOS_DEPLOYMENT_TARGET = 8.2;
				MTL_ENABLE_DEBUG_INFO = YES;
				ONLY_ACTIVE_ARCH = YES;
				SDKROOT = iphoneos;
				SWIFT_OPTIMIZATION_LEVEL = "-Onone";
				TARGETED_DEVICE_FAMILY = "1,2";
			};
			name = Debug;
		};
		11F5F1881ACEBA0A00AF1C57 /* Release */ = {
			isa = XCBuildConfiguration;
			buildSettings = {
				ALWAYS_SEARCH_USER_PATHS = NO;
				CLANG_CXX_LANGUAGE_STANDARD = "gnu++0x";
				CLANG_CXX_LIBRARY = "libc++";
				CLANG_ENABLE_MODULES = YES;
				CLANG_ENABLE_OBJC_ARC = YES;
				CLANG_WARN_BOOL_CONVERSION = YES;
				CLANG_WARN_CONSTANT_CONVERSION = YES;
				CLANG_WARN_DIRECT_OBJC_ISA_USAGE = YES_ERROR;
				CLANG_WARN_EMPTY_BODY = YES;
				CLANG_WARN_ENUM_CONVERSION = YES;
				CLANG_WARN_INT_CONVERSION = YES;
				CLANG_WARN_OBJC_ROOT_CLASS = YES_ERROR;
				CLANG_WARN_UNREACHABLE_CODE = YES;
				CLANG_WARN__DUPLICATE_METHOD_MATCH = YES;
				"CODE_SIGN_IDENTITY[sdk=iphoneos*]" = "iPhone Developer";
				COPY_PHASE_STRIP = NO;
				ENABLE_NS_ASSERTIONS = NO;
				ENABLE_STRICT_OBJC_MSGSEND = YES;
				GCC_C_LANGUAGE_STANDARD = gnu99;
				GCC_WARN_64_TO_32_BIT_CONVERSION = YES;
				GCC_WARN_ABOUT_RETURN_TYPE = YES_ERROR;
				GCC_WARN_UNDECLARED_SELECTOR = YES;
				GCC_WARN_UNINITIALIZED_AUTOS = YES_AGGRESSIVE;
				GCC_WARN_UNUSED_FUNCTION = YES;
				GCC_WARN_UNUSED_VARIABLE = YES;
				IPHONEOS_DEPLOYMENT_TARGET = 8.2;
				MTL_ENABLE_DEBUG_INFO = NO;
				SDKROOT = iphoneos;
				TARGETED_DEVICE_FAMILY = "1,2";
				VALIDATE_PRODUCT = YES;
			};
			name = Release;
		};
		11F5F18A1ACEBA0A00AF1C57 /* Debug */ = {
			isa = XCBuildConfiguration;
			baseConfigurationReference = B1754EDCD3078A2D4729F5F9 /* Pods.debug.xcconfig */;
			buildSettings = {
				ASSETCATALOG_COMPILER_APPICON_NAME = AppIcon;
				FRAMEWORK_SEARCH_PATHS = (
					"$(inherited)",
					"/Users/zac/Downloads/parse-library-1.7.1",
					"(2)",
					"$(PROJECT_DIR)/zDate",
					/Users/zac/Documents/FacebookSDK,
				);
				INFOPLIST_FILE = zDate/Info.plist;
				LD_RUNPATH_SEARCH_PATHS = "$(inherited) @executable_path/Frameworks";
				PRODUCT_NAME = "$(TARGET_NAME)";
				SWIFT_OBJC_BRIDGING_HEADER = "zDate/Bridging-Header.h";
			};
			name = Debug;
		};
		11F5F18B1ACEBA0A00AF1C57 /* Release */ = {
			isa = XCBuildConfiguration;
			baseConfigurationReference = 8677D5CF455A8944DE892EBF /* Pods.release.xcconfig */;
			buildSettings = {
				ASSETCATALOG_COMPILER_APPICON_NAME = AppIcon;
				FRAMEWORK_SEARCH_PATHS = (
					"$(inherited)",
					"/Users/zac/Downloads/parse-library-1.7.1",
					"(2)",
					"$(PROJECT_DIR)/zDate",
					/Users/zac/Documents/FacebookSDK,
				);
				INFOPLIST_FILE = zDate/Info.plist;
				LD_RUNPATH_SEARCH_PATHS = "$(inherited) @executable_path/Frameworks";
				PRODUCT_NAME = "$(TARGET_NAME)";
				SWIFT_OBJC_BRIDGING_HEADER = "zDate/Bridging-Header.h";
			};
			name = Release;
		};
		11F5F18D1ACEBA0A00AF1C57 /* Debug */ = {
			isa = XCBuildConfiguration;
			buildSettings = {
				BUNDLE_LOADER = "$(TEST_HOST)";
				FRAMEWORK_SEARCH_PATHS = (
					"$(SDKROOT)/Developer/Library/Frameworks",
					"$(inherited)",
				);
				GCC_PREPROCESSOR_DEFINITIONS = (
					"DEBUG=1",
					"$(inherited)",
				);
				INFOPLIST_FILE = zDateTests/Info.plist;
				LD_RUNPATH_SEARCH_PATHS = "$(inherited) @executable_path/Frameworks @loader_path/Frameworks";
				PRODUCT_NAME = "$(TARGET_NAME)";
				TEST_HOST = "$(BUILT_PRODUCTS_DIR)/zDate.app/zDate";
			};
			name = Debug;
		};
		11F5F18E1ACEBA0A00AF1C57 /* Release */ = {
			isa = XCBuildConfiguration;
			buildSettings = {
				BUNDLE_LOADER = "$(TEST_HOST)";
				FRAMEWORK_SEARCH_PATHS = (
					"$(SDKROOT)/Developer/Library/Frameworks",
					"$(inherited)",
				);
				INFOPLIST_FILE = zDateTests/Info.plist;
				LD_RUNPATH_SEARCH_PATHS = "$(inherited) @executable_path/Frameworks @loader_path/Frameworks";
				PRODUCT_NAME = "$(TARGET_NAME)";
				TEST_HOST = "$(BUILT_PRODUCTS_DIR)/zDate.app/zDate";
			};
			name = Release;
		};
/* End XCBuildConfiguration section */

/* Begin XCConfigurationList section */
		11F5F1651ACEBA0A00AF1C57 /* Build configuration list for PBXProject "zDate" */ = {
			isa = XCConfigurationList;
			buildConfigurations = (
				11F5F1871ACEBA0A00AF1C57 /* Debug */,
				11F5F1881ACEBA0A00AF1C57 /* Release */,
			);
			defaultConfigurationIsVisible = 0;
			defaultConfigurationName = Release;
		};
		11F5F1891ACEBA0A00AF1C57 /* Build configuration list for PBXNativeTarget "zDate" */ = {
			isa = XCConfigurationList;
			buildConfigurations = (
				11F5F18A1ACEBA0A00AF1C57 /* Debug */,
				11F5F18B1ACEBA0A00AF1C57 /* Release */,
			);
			defaultConfigurationIsVisible = 0;
			defaultConfigurationName = Release;
		};
		11F5F18C1ACEBA0A00AF1C57 /* Build configuration list for PBXNativeTarget "zDateTests" */ = {
			isa = XCConfigurationList;
			buildConfigurations = (
				11F5F18D1ACEBA0A00AF1C57 /* Debug */,
				11F5F18E1ACEBA0A00AF1C57 /* Release */,
			);
			defaultConfigurationIsVisible = 0;
			defaultConfigurationName = Release;
		};
/* End XCConfigurationList section */
	};
	rootObject = 11F5F1621ACEBA0A00AF1C57 /* Project object */;
}
